
Microsoft Visual Studio Solution File, Format Version 12.00
# Visual Studio Version 17
VisualStudioVersion = 17.5.33424.131
MinimumVisualStudioVersion = 10.0.40219.1
Project("{9A19103F-16F7-4668-BE54-9A1E7A4F7556}") = "Lesson_09_HW", "Lesson_09_HW\Lesson_09_HW.csproj", "{831972FE-2C37-4B5A-9FBF-D72107EE30BB}"
EndProject
Global
	GlobalSection(SolutionConfigurationPlatforms) = preSolution
		Debug|Any CPU = Debug|Any CPU
		Release|Any CPU = Release|Any CPU
	EndGlobalSection
	GlobalSection(ProjectConfigurationPlatforms) = postSolution
		{831972FE-2C37-4B5A-9FBF-D72107EE30BB}.Debug|Any CPU.ActiveCfg = Debug|Any CPU
		{831972FE-2C37-4B5A-9FBF-D72107EE30BB}.Debug|Any CPU.Build.0 = Debug|Any CPU
		{831972FE-2C37-4B5A-9FBF-D72107EE30BB}.Release|Any CPU.ActiveCfg = Release|Any CPU
		{831972FE-2C37-4B5A-9FBF-D72107EE30BB}.Release|Any CPU.Build.0 = Release|Any CPU
	EndGlobalSection
	GlobalSection(SolutionProperties) = preSolution
		HideSolutionNode = FALSE
	EndGlobalSection
	GlobalSection(ExtensibilityGlobals) = postSolution
		SolutionGuid = {68529614-F4C9-4EBE-8721-660400923676}
	EndGlobalSection
EndGlobal
